
Microsoft Visual Studio Solution File, Format Version 12.00
# Visual Studio Version 16
VisualStudioVersion = 16.0.30225.117
MinimumVisualStudioVersion = 10.0.40219.1
Project("{FAE04EC0-301F-11D3-BF4B-00C04F79EFBC}") = "NetCoreAgi", "NetCoreAgi\NetCoreAgi.csproj", "{F4940645-A770-48D0-9C8F-50D2A59B477C}"
EndProject
Global
	GlobalSection(SolutionConfigurationPlatforms) = preSolution
		Debug|Any CPU = Debug|Any CPU
		Release|Any CPU = Release|Any CPU
	EndGlobalSection
	GlobalSection(ProjectConfigurationPlatforms) = postSolution
		{F4940645-A770-48D0-9C8F-50D2A59B477C}.Debug|Any CPU.ActiveCfg = Debug|Any CPU
		{F4940645-A770-48D0-9C8F-50D2A59B477C}.Debug|Any CPU.Build.0 = Debug|Any CPU
		{F4940645-A770-48D0-9C8F-50D2A59B477C}.Release|Any CPU.ActiveCfg = Release|Any CPU
		{F4940645-A770-48D0-9C8F-50D2A59B477C}.Release|Any CPU.Build.0 = Release|Any CPU
	EndGlobalSection
	GlobalSection(SolutionProperties) = preSolution
		HideSolutionNode = FALSE
	EndGlobalSection
	GlobalSection(ExtensibilityGlobals) = postSolution
		SolutionGuid = {744D33DF-4ED4-43B3-85D3-7A293B795E3F}
	EndGlobalSection
EndGlobal
